
Microsoft Visual Studio Solution File, Format Version 12.00
# Visual Studio Version 16
VisualStudioVersion = 16.0.30907.101
MinimumVisualStudioVersion = 10.0.40219.1
Project("{00D1A9C2-B5F0-4AF3-8072-F6C62B433612}") = "DatabaseTraining", "DatabaseTraining\DatabaseTraining.sqlproj", "{B53CA5F8-830C-4D2A-9179-C42942D81643}"
EndProject
Global
	GlobalSection(SolutionConfigurationPlatforms) = preSolution
		Debug|Any CPU = Debug|Any CPU
		Release|Any CPU = Release|Any CPU
	EndGlobalSection
	GlobalSection(ProjectConfigurationPlatforms) = postSolution
		{B53CA5F8-830C-4D2A-9179-C42942D81643}.Debug|Any CPU.ActiveCfg = Debug|Any CPU
		{B53CA5F8-830C-4D2A-9179-C42942D81643}.Debug|Any CPU.Build.0 = Debug|Any CPU
		{B53CA5F8-830C-4D2A-9179-C42942D81643}.Debug|Any CPU.Deploy.0 = Debug|Any CPU
		{B53CA5F8-830C-4D2A-9179-C42942D81643}.Release|Any CPU.ActiveCfg = Release|Any CPU
		{B53CA5F8-830C-4D2A-9179-C42942D81643}.Release|Any CPU.Build.0 = Release|Any CPU
		{B53CA5F8-830C-4D2A-9179-C42942D81643}.Release|Any CPU.Deploy.0 = Release|Any CPU
	EndGlobalSection
	GlobalSection(SolutionProperties) = preSolution
		HideSolutionNode = FALSE
	EndGlobalSection
	GlobalSection(ExtensibilityGlobals) = postSolution
		SolutionGuid = {F17CEC95-392F-4F13-AD98-2695C827D7B1}
	EndGlobalSection
EndGlobal
